{
  "object": {
    "pins": [
      {
        "package": "Alamofire",
        "repositoryURL": "https://github.com/Alamofire/Alamofire.git",
        "state": {
          "branch": null,
          "revision": "d120af1e8638c7da36c8481fd61a66c0c08dc4fc",
          "version": "5.4.4"
        }
      },
      {
        "package": "AlamofireImage",
        "repositoryURL": "https://github.com/Alamofire/AlamofireImage.git",
        "state": {
          "branch": null,
          "revision": "98cbb00ce0ec5fc8e52a5b50a6bfc08d3e5aee10",
          "version": "4.2.0"
        }
      },
      {
        "package": "Fakery",
        "repositoryURL": "https://github.com/vadymmarkov/Fakery",
        "state": {
          "branch": null,
          "revision": "71cb3bf36a808534659d1248780c2bf3c4c4fc91",
          "version": "5.1.0"
        }
      },
      {
        "package": "PryntTrimmerView",
        "repositoryURL": "https://github.com/HHK1/PryntTrimmerView",
        "state": {
          "branch": null,
          "revision": "ac1b60a22c7e6a6514de7a66d2f3d5b537c956d5",
          "version": "4.0.2"
        }
      },
      {
        "package": "Stevia",
        "repositoryURL": "https://github.com/freshOS/Stevia",
        "state": {
          "branch": null,
          "revision": "87dd17a86240f16788239a78dd8be11c4b013150",
          "version": "4.8.0"
        }
      },
      {
        "package": "YPImagePicker",
        "repositoryURL": "https://github.com/Yummypets/YPImagePicker",
        "state": {
          "branch": null,
          "revision": "4dbae7a1f69db3d65c47f4106d0ca09f678edeaf",
          "version": "5.2.1"
        }
      }
    ]
  },
  "version": 1
}
